{
  "requires": true,
  "lockfileVersion": 1,
  "dependencies": {
    "@parcel/watcher": {
      "version": "2.5.1",
      "resolved": "https://registry.npmmirror.com/@parcel/watcher/-/watcher-2.5.1.tgz",
      "integrity": "sha512-dfUnCxiN9H4ap84DvD2ubjw+3vUNpstxa0TneY/Paat8a3R4uQZDLSvWjmznAY/DoahqTHl9V46HF/Zs3F29pg==",
      "requires": {
        "@parcel/watcher-android-arm64": "2.5.1",
        "@parcel/watcher-darwin-arm64": "2.5.1",
        "@parcel/watcher-darwin-x64": "2.5.1",
        "@parcel/watcher-freebsd-x64": "2.5.1",
        "@parcel/watcher-linux-arm-glibc": "2.5.1",
        "@parcel/watcher-linux-arm-musl": "2.5.1",
        "@parcel/watcher-linux-arm64-glibc": "2.5.1",
        "@parcel/watcher-linux-arm64-musl": "2.5.1",
        "@parcel/watcher-linux-x64-glibc": "2.5.1",
        "@parcel/watcher-linux-x64-musl": "2.5.1",
        "@parcel/watcher-win32-arm64": "2.5.1",
        "@parcel/watcher-win32-ia32": "2.5.1",
        "@parcel/watcher-win32-x64": "2.5.1",
        "detect-libc": "^1.0.3",
        "is-glob": "^4.0.3",
        "micromatch": "^4.0.5",
        "node-addon-api": "^7.0.0"
      }
    },
    "@parcel/watcher-android-arm64": {
      "version": "2.5.1",
      "resolved": "https://registry.npmmirror.com/@parcel/watcher-android-arm64/-/watcher-android-arm64-2.5.1.tgz",
      "integrity": "sha512-KF8+j9nNbUN8vzOFDpRMsaKBHZ/mcjEjMToVMJOhTozkDonQFFrRcfdLWn6yWKCmJKmdVxSgHiYvTCef4/qcBA==",
      "optional": true
    },
    "@parcel/watcher-darwin-arm64": {
      "version": "2.5.1",
      "resolved": "https://registry.npmmirror.com/@parcel/watcher-darwin-arm64/-/watcher-darwin-arm64-2.5.1.tgz",
      "integrity": "sha512-eAzPv5osDmZyBhou8PoF4i6RQXAfeKL9tjb3QzYuccXFMQU0ruIc/POh30ePnaOyD1UXdlKguHBmsTs53tVoPw==",
      "optional": true
    },
    "@parcel/watcher-darwin-x64": {
      "version": "2.5.1",
      "resolved": "https://registry.npmmirror.com/@parcel/watcher-darwin-x64/-/watcher-darwin-x64-2.5.1.tgz",
      "integrity": "sha512-1ZXDthrnNmwv10A0/3AJNZ9JGlzrF82i3gNQcWOzd7nJ8aj+ILyW1MTxVk35Db0u91oD5Nlk9MBiujMlwmeXZg==",
      "optional": true
    },
    "@parcel/watcher-freebsd-x64": {
      "version": "2.5.1",
      "resolved": "https://registry.npmmirror.com/@parcel/watcher-freebsd-x64/-/watcher-freebsd-x64-2.5.1.tgz",
      "integrity": "sha512-SI4eljM7Flp9yPuKi8W0ird8TI/JK6CSxju3NojVI6BjHsTyK7zxA9urjVjEKJ5MBYC+bLmMcbAWlZ+rFkLpJQ==",
      "optional": true
    },
    "@parcel/watcher-linux-arm-glibc": {
      "version": "2.5.1",
      "resolved": "https://registry.npmmirror.com/@parcel/watcher-linux-arm-glibc/-/watcher-linux-arm-glibc-2.5.1.tgz",
      "integrity": "sha512-RCdZlEyTs8geyBkkcnPWvtXLY44BCeZKmGYRtSgtwwnHR4dxfHRG3gR99XdMEdQ7KeiDdasJwwvNSF5jKtDwdA==",
      "optional": true
    },
    "@parcel/watcher-linux-arm-musl": {
      "version": "2.5.1",
      "resolved": "https://registry.npmmirror.com/@parcel/watcher-linux-arm-musl/-/watcher-linux-arm-musl-2.5.1.tgz",
      "integrity": "sha512-6E+m/Mm1t1yhB8X412stiKFG3XykmgdIOqhjWj+VL8oHkKABfu/gjFj8DvLrYVHSBNC+/u5PeNrujiSQ1zwd1Q==",
      "optional": true
    },
    "@parcel/watcher-linux-arm64-glibc": {
      "version": "2.5.1",
      "resolved": "https://registry.npmmirror.com/@parcel/watcher-linux-arm64-glibc/-/watcher-linux-arm64-glibc-2.5.1.tgz",
      "integrity": "sha512-LrGp+f02yU3BN9A+DGuY3v3bmnFUggAITBGriZHUREfNEzZh/GO06FF5u2kx8x+GBEUYfyTGamol4j3m9ANe8w==",
      "optional": true
    },
    "@parcel/watcher-linux-arm64-musl": {
      "version": "2.5.1",
      "resolved": "https://registry.npmmirror.com/@parcel/watcher-linux-arm64-musl/-/watcher-linux-arm64-musl-2.5.1.tgz",
      "integrity": "sha512-cFOjABi92pMYRXS7AcQv9/M1YuKRw8SZniCDw0ssQb/noPkRzA+HBDkwmyOJYp5wXcsTrhxO0zq1U11cK9jsFg==",
      "optional": true
    },
    "@parcel/watcher-linux-x64-glibc": {
      "version": "2.5.1",
      "resolved": "https://registry.npmmirror.com/@parcel/watcher-linux-x64-glibc/-/watcher-linux-x64-glibc-2.5.1.tgz",
      "integrity": "sha512-GcESn8NZySmfwlTsIur+49yDqSny2IhPeZfXunQi48DMugKeZ7uy1FX83pO0X22sHntJ4Ub+9k34XQCX+oHt2A==",
      "optional": true
    },
    "@parcel/watcher-linux-x64-musl": {
      "version": "2.5.1",
      "resolved": "https://registry.npmmirror.com/@parcel/watcher-linux-x64-musl/-/watcher-linux-x64-musl-2.5.1.tgz",
      "integrity": "sha512-n0E2EQbatQ3bXhcH2D1XIAANAcTZkQICBPVaxMeaCVBtOpBZpWJuf7LwyWPSBDITb7In8mqQgJ7gH8CILCURXg==",
      "optional": true
    },
    "@parcel/watcher-win32-arm64": {
      "version": "2.5.1",
      "resolved": "https://registry.npmmirror.com/@parcel/watcher-win32-arm64/-/watcher-win32-arm64-2.5.1.tgz",
      "integrity": "sha512-RFzklRvmc3PkjKjry3hLF9wD7ppR4AKcWNzH7kXR7GUe0Igb3Nz8fyPwtZCSquGrhU5HhUNDr/mKBqj7tqA2Vw==",
      "optional": true
    },
    "@parcel/watcher-win32-ia32": {
      "version": "2.5.1",
      "resolved": "https://registry.npmmirror.com/@parcel/watcher-win32-ia32/-/watcher-win32-ia32-2.5.1.tgz",
      "integrity": "sha512-c2KkcVN+NJmuA7CGlaGD1qJh1cLfDnQsHjE89E60vUEMlqduHGCdCLJCID5geFVM0dOtA3ZiIO8BoEQmzQVfpQ==",
      "optional": true
    },
    "@parcel/watcher-win32-x64": {
      "version": "2.5.1",
      "resolved": "https://registry.npmmirror.com/@parcel/watcher-win32-x64/-/watcher-win32-x64-2.5.1.tgz",
      "integrity": "sha512-9lHBdJITeNR++EvSQVUcaZoWupyHfXe1jZvGZ06O/5MflPcuPLtEphScIBL+AiCWBO46tDSHzWyD0uDmmZqsgA=="
    },
    "@types/json-schema": {
      "version": "7.0.15",
      "resolved": "https://registry.npmmirror.com/@types/json-schema/-/json-schema-7.0.15.tgz",
      "integrity": "sha512-5+fP8P8MFNC+AyZCDxrB2pkZFPGzqQWUzpSeuuVLvm8VMcorNYavBqoFcxK8bQz4Qsbn4oUEEem4wDLfcysGHA=="
    },
    "ajv": {
      "version": "6.12.6",
      "resolved": "https://registry.npmmirror.com/ajv/-/ajv-6.12.6.tgz",
      "integrity": "sha512-j3fVLgvTo527anyYyJOGTYJbG+vnnQYvE0m5mmkc1TK+nxAppkCLMIL0aZ4dblVCNoGShhm+kzE4ZUykBoMg4g==",
      "requires": {
        "fast-deep-equal": "^3.1.1",
        "fast-json-stable-stringify": "^2.0.0",
        "json-schema-traverse": "^0.4.1",
        "uri-js": "^4.2.2"
      }
    },
    "ajv-keywords": {
      "version": "3.5.2",
      "resolved": "https://registry.npmmirror.com/ajv-keywords/-/ajv-keywords-3.5.2.tgz",
      "integrity": "sha512-5p6WTN0DdTGVQk6VjcEju19IgaHudalcfabD7yhDGeA6bcQnmL+CpveLJq/3hvfwd1aof6L386Ougkx6RfyMIQ=="
    },
    "anymatch": {
      "version": "3.1.3",
      "resolved": "https://registry.npmmirror.com/anymatch/-/anymatch-3.1.3.tgz",
      "integrity": "sha512-KMReFUr0B4t+D+OBkjR3KYqvocp2XaSzO55UcB6mgQMd3KbcE+mWTyvVV7D/zsdEbNnV6acZUutkiHQXvTr1Rw==",
      "dev": true,
      "requires": {
        "normalize-path": "^3.0.0",
        "picomatch": "^2.0.4"
      }
    },
    "big.js": {
      "version": "5.2.2",
      "resolved": "https://registry.npmmirror.com/big.js/-/big.js-5.2.2.tgz",
      "integrity": "sha512-vyL2OymJxmarO8gxMr0mhChsO9QGwhynfuu4+MHTAW6czfq9humCB7rKpUjDd9YUiDPU4mzpyupFSvOClAwbmQ=="
    },
    "binary-extensions": {
      "version": "2.3.0",
      "resolved": "https://registry.npmmirror.com/binary-extensions/-/binary-extensions-2.3.0.tgz",
      "integrity": "sha512-Ceh+7ox5qe7LJuLHoY0feh3pHuUDHAcRUeyL2VYghZwfpkNIy/+8Ocg0a3UuSoYzavmylwuLWQOf3hl0jjMMIw==",
      "dev": true
    },
    "braces": {
      "version": "3.0.3",
      "resolved": "https://registry.npmmirror.com/braces/-/braces-3.0.3.tgz",
      "integrity": "sha512-yQbXgO/OSZVD2IsiLlro+7Hf6Q18EJrKSEsdoMzKePKXct3gvD8oLcOQdIzGupr5Fj+EDe8gO/lxc1BzfMpxvA==",
      "requires": {
        "fill-range": "^7.1.1"
      }
    },
    "chokidar": {
      "version": "4.0.3",
      "resolved": "https://registry.npmmirror.com/chokidar/-/chokidar-4.0.3.tgz",
      "integrity": "sha512-Qgzu8kfBvo+cA4962jnP1KkS6Dop5NS6g7R5LFYJr4b8Ub94PPQXUksCw9PvXoeXPRRddRNC5C1JQUR2SMGtnA==",
      "requires": {
        "readdirp": "^4.0.1"
      }
    },
    "detect-libc": {
      "version": "1.0.3",
      "resolved": "https://registry.npmmirror.com/detect-libc/-/detect-libc-1.0.3.tgz",
      "integrity": "sha512-pGjwhsmsp4kL2RTz08wcOlGN83otlqHeD/Z5T8GXZB+/YcpQ/dgo+lbU8ZsGxV0HIvqqxo9l7mqYwyYMD9bKDg=="
    },
    "emojis-list": {
      "version": "3.0.0",
      "resolved": "https://registry.npmmirror.com/emojis-list/-/emojis-list-3.0.0.tgz",
      "integrity": "sha512-/kyM18EfinwXZbno9FyUGeFh87KC8HRQBQGildHZbEuRyWFOmv1U10o9BBp8XVZDVNNuQKyIGIu5ZYAAXJ0V2Q=="
    },
    "fast-deep-equal": {
      "version": "3.1.3",
      "resolved": "https://registry.npmmirror.com/fast-deep-equal/-/fast-deep-equal-3.1.3.tgz",
      "integrity": "sha512-f3qQ9oQy9j2AhBe/H9VC91wLmKBCCU/gDOnKNAYG5hswO7BLKj09Hc5HYNz9cGI++xlpDCIgDaitVs03ATR84Q=="
    },
    "fast-json-stable-stringify": {
      "version": "2.1.0",
      "resolved": "https://registry.npmmirror.com/fast-json-stable-stringify/-/fast-json-stable-stringify-2.1.0.tgz",
      "integrity": "sha512-lhd/wF+Lk98HZoTCtlVraHtfh5XYijIjalXck7saUtuanSDyLMxnHhSXEDJqHxD7msR8D0uCmqlkwjCV8xvwHw=="
    },
    "fill-range": {
      "version": "7.1.1",
      "resolved": "https://registry.npmmirror.com/fill-range/-/fill-range-7.1.1.tgz",
      "integrity": "sha512-YsGpe3WHLK8ZYi4tWDg2Jy3ebRz2rXowDxnld4bkQB00cc/1Zw9AWnC0i9ztDJitivtQvaI9KaLyKrc+hBW0yg==",
      "requires": {
        "to-regex-range": "^5.0.1"
      }
    },
    "fsevents": {
      "version": "2.3.3",
      "resolved": "https://registry.npmmirror.com/fsevents/-/fsevents-2.3.3.tgz",
      "integrity": "sha512-5xoDfX+fL7faATnagmWPpbFtwh/R77WmMMqqHGS65C3vvB0YHrgF+B1YmZ3441tMj5n63k0212XNoJwzlhffQw==",
      "dev": true,
      "optional": true
    },
    "glob-parent": {
      "version": "5.1.2",
      "resolved": "https://registry.npmmirror.com/glob-parent/-/glob-parent-5.1.2.tgz",
      "integrity": "sha512-AOIgSQCepiJYwP3ARnGx+5VnTu2HBYdzbGP45eLw1vr3zB3vZLeyed1sC9hnbcOc9/SrMyM5RPQrkGz4aS9Zow==",
      "dev": true,
      "requires": {
        "is-glob": "^4.0.1"
      }
    },
    "immutable": {
      "version": "5.1.1",
      "resolved": "https://registry.npmmirror.com/immutable/-/immutable-5.1.1.tgz",
      "integrity": "sha512-3jatXi9ObIsPGr3N5hGw/vWWcTkq6hUYhpQz4k0wLC+owqWi/LiugIw9x0EdNZ2yGedKN/HzePiBvaJRXa0Ujg=="
    },
    "is-binary-path": {
      "version": "2.1.0",
      "resolved": "https://registry.npmmirror.com/is-binary-path/-/is-binary-path-2.1.0.tgz",
      "integrity": "sha512-ZMERYes6pDydyuGidse7OsHxtbI7WVeUEozgR/g7rd0xUimYNlvZRE/K2MgZTjWy725IfelLeVcEM97mmtRGXw==",
      "dev": true,
      "requires": {
        "binary-extensions": "^2.0.0"
      }
    },
    "is-extglob": {
      "version": "2.1.1",
      "resolved": "https://registry.npmmirror.com/is-extglob/-/is-extglob-2.1.1.tgz",
      "integrity": "sha512-SbKbANkN603Vi4jEZv49LeVJMn4yGwsbzZworEoyEiutsN3nJYdbO36zfhGJ6QEDpOZIFkDtnq5JRxmvl3jsoQ=="
    },
    "is-glob": {
      "version": "4.0.3",
      "resolved": "https://registry.npmmirror.com/is-glob/-/is-glob-4.0.3.tgz",
      "integrity": "sha512-xelSayHH36ZgE7ZWhli7pW34hNbNl8Ojv5KVmkJD4hBdD3th8Tfk9vYasLM+mXWOZhFkgZfxhLSnrwRr4elSSg==",
      "requires": {
        "is-extglob": "^2.1.1"
      }
    },
    "is-number": {
      "version": "7.0.0",
      "resolved": "https://registry.npmmirror.com/is-number/-/is-number-7.0.0.tgz",
      "integrity": "sha512-41Cifkg6e8TylSpdtTpeLVMqvSBEVzTttHvERD741+pnZ8ANv0004MRL43QKPDlK9cGvNp6NZWZUBlbGXYxxng=="
    },
    "json-schema-traverse": {
      "version": "0.4.1",
      "resolved": "https://registry.npmmirror.com/json-schema-traverse/-/json-schema-traverse-0.4.1.tgz",
      "integrity": "sha512-xbbCH5dCYU5T8LcEhhuh7HJ88HXuW3qsI3Y0zOZFKfZEHcpWiHU/Jxzk629Brsab/mMiHQti9wMP+845RPe3Vg=="
    },
    "json5": {
      "version": "2.2.3",
      "resolved": "https://registry.npmmirror.com/json5/-/json5-2.2.3.tgz",
      "integrity": "sha512-XmOWe7eyHYH14cLdVPoyg+GOH3rYX++KpzrylJwSW98t3Nk+U8XOl8FWKOgwtzdb8lXGf6zYwDUzeHMWfxasyg=="
    },
    "klona": {
      "version": "2.0.6",
      "resolved": "https://registry.npmmirror.com/klona/-/klona-2.0.6.tgz",
      "integrity": "sha512-dhG34DXATL5hSxJbIexCft8FChFXtmskoZYnoPWjXQuebWYCNkVeV3KkGegCK9CP1oswI/vQibS2GY7Em/sJJA=="
    },
    "loader-utils": {
      "version": "2.0.4",
      "resolved": "https://registry.npmmirror.com/loader-utils/-/loader-utils-2.0.4.tgz",
      "integrity": "sha512-xXqpXoINfFhgua9xiqD8fPFHgkoq1mmmpE92WlDbm9rNRd/EbRb+Gqf908T2DMfuHjjJlksiK2RbHVOdD/MqSw==",
      "requires": {
        "big.js": "^5.2.2",
        "emojis-list": "^3.0.0",
        "json5": "^2.1.2"
      }
    },
    "micromatch": {
      "version": "4.0.8",
      "resolved": "https://registry.npmmirror.com/micromatch/-/micromatch-4.0.8.tgz",
      "integrity": "sha512-PXwfBhYu0hBCPw8Dn0E+WDYb7af3dSLVWKi3HGv84IdF4TyFoC0ysxFd0Goxw7nSv4T/PzEJQxsYsEiFCKo2BA==",
      "requires": {
        "braces": "^3.0.3",
        "picomatch": "^2.3.1"
      }
    },
    "neo-async": {
      "version": "2.6.2",
      "resolved": "https://registry.npmmirror.com/neo-async/-/neo-async-2.6.2.tgz",
      "integrity": "sha512-Yd3UES5mWCSqR+qNT93S3UoYUkqAZ9lLg8a7g9rimsWmYGK8cVToA4/sF3RrshdyV3sAGMXVUmpMYOw+dLpOuw=="
    },
    "node-addon-api": {
      "version": "7.1.1",
      "resolved": "https://registry.npmmirror.com/node-addon-api/-/node-addon-api-7.1.1.tgz",
      "integrity": "sha512-5m3bsyrjFWE1xf7nz7YXdN4udnVtXK6/Yfgn5qnahL6bCkf2yKt4k3nuTKAtT4r3IG8JNR2ncsIMdZuAzJjHQQ=="
    },
    "normalize-path": {
      "version": "3.0.0",
      "resolved": "https://registry.npmmirror.com/normalize-path/-/normalize-path-3.0.0.tgz",
      "integrity": "sha512-6eZs5Ls3WtCisHWp9S2GUy8dqkpGi4BVSz3GaqiE6ezub0512ESztXUwUB6C6IKbQkY2Pnb/mD4WYojCRwcwLA==",
      "dev": true
    },
    "picomatch": {
      "version": "2.3.1",
      "resolved": "https://registry.npmmirror.com/picomatch/-/picomatch-2.3.1.tgz",
      "integrity": "sha512-JU3teHTNjmE2VCGFzuY8EXzCDVwEqB2a8fsIvwaStHhAWJEeVd1o1QD80CU6+ZdEXXSLbSsuLwJjkCBWqRQUVA=="
    },
    "punycode": {
      "version": "2.3.1",
      "resolved": "https://registry.npmmirror.com/punycode/-/punycode-2.3.1.tgz",
      "integrity": "sha512-vYt7UD1U9Wg6138shLtLOvdAu+8DsC/ilFtEVHcH+wydcSpNE20AfSOduf6MkRFahL5FY7X1oU7nKVZFtfq8Fg=="
    },
    "readdirp": {
      "version": "4.1.2",
      "resolved": "https://registry.npmmirror.com/readdirp/-/readdirp-4.1.2.tgz",
      "integrity": "sha512-GDhwkLfywWL2s6vEjyhri+eXmfH6j1L7JE27WhqLeYzoh/A3DBaYGEj2H/HFZCn/kMfim73FXxEJTw06WtxQwg=="
    },
    "sass": {
      "version": "1.32.13",
      "resolved": "https://registry.npmmirror.com/sass/-/sass-1.32.13.tgz",
      "integrity": "sha512-dEgI9nShraqP7cXQH+lEXVf73WOPCse0QlFzSD8k+1TcOxCMwVXfQlr0jtoluZysQOyJGnfr21dLvYKDJq8HkA==",
      "dev": true,
      "requires": {
        "chokidar": ">=3.0.0 <4.0.0"
      },
      "dependencies": {
        "chokidar": {
          "version": "3.6.0",
          "resolved": "https://registry.npmmirror.com/chokidar/-/chokidar-3.6.0.tgz",
          "integrity": "sha512-7VT13fmjotKpGipCW9JEQAusEPE+Ei8nl6/g4FBAmIm0GOOLMua9NDDo/DWp0ZAxCr3cPq5ZpBqmPAQgDda2Pw==",
          "dev": true,
          "requires": {
            "anymatch": "~3.1.2",
            "braces": "~3.0.2",
            "fsevents": "~2.3.2",
            "glob-parent": "~5.1.2",
            "is-binary-path": "~2.1.0",
            "is-glob": "~4.0.1",
            "normalize-path": "~3.0.0",
            "readdirp": "~3.6.0"
          }
        },
        "readdirp": {
          "version": "3.6.0",
          "resolved": "https://registry.npmmirror.com/readdirp/-/readdirp-3.6.0.tgz",
          "integrity": "sha512-hOS089on8RduqdbhvQ5Z37A0ESjsqz6qnRcffsMU3495FuTdqSm+7bhJ29JvIOsBDEEnan5DPu9t3To9VRlMzA==",
          "dev": true,
          "requires": {
            "picomatch": "^2.2.1"
          }
        }
      }
    },
    "sass-loader": {
      "version": "10.5.2",
      "resolved": "https://registry.npmmirror.com/sass-loader/-/sass-loader-10.5.2.tgz",
      "integrity": "sha512-vMUoSNOUKJILHpcNCCyD23X34gve1TS7Rjd9uXHeKqhvBG39x6XbswFDtpbTElj6XdMFezoWhkh5vtKudf2cgQ==",
      "dev": true,
      "requires": {
        "klona": "^2.0.4",
        "loader-utils": "^2.0.0",
        "neo-async": "^2.6.2",
        "schema-utils": "^3.0.0",
        "semver": "^7.3.2"
      }
    },
    "schema-utils": {
      "version": "3.3.0",
      "resolved": "https://registry.npmmirror.com/schema-utils/-/schema-utils-3.3.0.tgz",
      "integrity": "sha512-pN/yOAvcC+5rQ5nERGuwrjLlYvLTbCibnZ1I7B1LaiAz9BRBlE9GMgE/eqV30P7aJQUf7Ddimy/RsbYO/GrVGg==",
      "requires": {
        "@types/json-schema": "^7.0.8",
        "ajv": "^6.12.5",
        "ajv-keywords": "^3.5.2"
      }
    },
    "semver": {
      "version": "7.7.1",
      "resolved": "https://registry.npmmirror.com/semver/-/semver-7.7.1.tgz",
      "integrity": "sha512-hlq8tAfn0m/61p4BVRcPzIGr6LKiMwo4VM6dGi6pt4qcRkmNzTcWq6eCEjEh+qXjkMDvPlOFFSGwQjoEa6gyMA=="
    },
    "source-map-js": {
      "version": "1.2.1",
      "resolved": "https://registry.npmmirror.com/source-map-js/-/source-map-js-1.2.1.tgz",
      "integrity": "sha512-UXWMKhLOwVKb728IUtQPXxfYU+usdybtUrK/8uGE8CQMvrhOpwvzDBwj0QhSL7MQc7vIsISBG8VQ8+IDQxpfQA=="
    },
    "to-regex-range": {
      "version": "5.0.1",
      "resolved": "https://registry.npmmirror.com/to-regex-range/-/to-regex-range-5.0.1.tgz",
      "integrity": "sha512-65P7iz6X5yEr1cwcgvQxbbIw7Uk3gOy5dIdtZ4rDveLqhrdJP+Li/Hx6tyK0NEb+2GCyneCMJiGqrADCSNk8sQ==",
      "requires": {
        "is-number": "^7.0.0"
      }
    },
    "uri-js": {
      "version": "4.4.1",
      "resolved": "https://registry.npmmirror.com/uri-js/-/uri-js-4.4.1.tgz",
      "integrity": "sha512-7rKUyy33Q1yc98pQ1DAmLtwX109F7TIfWlW1Ydo8Wl1ii1SeHieeh0HHfPeL2fMXK6z0s8ecKs9frCuLJvndBg==",
      "requires": {
        "punycode": "^2.1.0"
      }
    }
  }
}
